
Microsoft Visual Studio Solution File, Format Version 12.00
Project("{2150E333-8FDC-42A3-9474-1A3956D46DE8}") = "src", "src", "{67482B49-FAB2-4EA4-BA4B-2BF6527CD676}"
EndProject
Project("{2150E333-8FDC-42A3-9474-1A3956D46DE8}") = "Shared", "Shared", "{74B129C0-9B14-4B54-AB7B-6E766C16FB90}"
EndProject
Project("{FAE04EC0-301F-11D3-BF4B-00C04F79EFBC}") = "PackIT.Shared", "src\PackIT.Shared\PackIT.Shared.csproj", "{BBA14961-7E19-4413-95B0-EE585AB6F73A}"
EndProject
Project("{FAE04EC0-301F-11D3-BF4B-00C04F79EFBC}") = "PackIT.Shared.Abstractions", "src\PackIT.Shared.Abstractions\PackIT.Shared.Abstractions.csproj", "{30DAD381-4F21-44CD-84BB-B486B8A69978}"
EndProject
Global
	GlobalSection(SolutionConfigurationPlatforms) = preSolution
		Debug|Any CPU = Debug|Any CPU
		Release|Any CPU = Release|Any CPU
	EndGlobalSection
	GlobalSection(NestedProjects) = preSolution
		{74B129C0-9B14-4B54-AB7B-6E766C16FB90} = {67482B49-FAB2-4EA4-BA4B-2BF6527CD676}
		{BBA14961-7E19-4413-95B0-EE585AB6F73A} = {74B129C0-9B14-4B54-AB7B-6E766C16FB90}
		{30DAD381-4F21-44CD-84BB-B486B8A69978} = {74B129C0-9B14-4B54-AB7B-6E766C16FB90}
	EndGlobalSection
	GlobalSection(ProjectConfigurationPlatforms) = postSolution
		{BBA14961-7E19-4413-95B0-EE585AB6F73A}.Debug|Any CPU.ActiveCfg = Debug|Any CPU
		{BBA14961-7E19-4413-95B0-EE585AB6F73A}.Debug|Any CPU.Build.0 = Debug|Any CPU
		{BBA14961-7E19-4413-95B0-EE585AB6F73A}.Release|Any CPU.ActiveCfg = Release|Any CPU
		{BBA14961-7E19-4413-95B0-EE585AB6F73A}.Release|Any CPU.Build.0 = Release|Any CPU
		{30DAD381-4F21-44CD-84BB-B486B8A69978}.Debug|Any CPU.ActiveCfg = Debug|Any CPU
		{30DAD381-4F21-44CD-84BB-B486B8A69978}.Debug|Any CPU.Build.0 = Debug|Any CPU
		{30DAD381-4F21-44CD-84BB-B486B8A69978}.Release|Any CPU.ActiveCfg = Release|Any CPU
		{30DAD381-4F21-44CD-84BB-B486B8A69978}.Release|Any CPU.Build.0 = Release|Any CPU
	EndGlobalSection
EndGlobal
