
Microsoft Visual Studio Solution File, Format Version 12.00
Project("{2150E333-8FDC-42A3-9474-1A3956D46DE8}") = "src", "src", "{67482B49-FAB2-4EA4-BA4B-2BF6527CD676}"
EndProject
Project("{2150E333-8FDC-42A3-9474-1A3956D46DE8}") = "Shared", "Shared", "{74B129C0-9B14-4B54-AB7B-6E766C16FB90}"
EndProject
Project("{FAE04EC0-301F-11D3-BF4B-00C04F79EFBC}") = "PackIT.Shared", "src\PackIT.Shared\PackIT.Shared.csproj", "{BBA14961-7E19-4413-95B0-EE585AB6F73A}"
EndProject
Project("{FAE04EC0-301F-11D3-BF4B-00C04F79EFBC}") = "PackIT.Shared.Abstractions", "src\PackIT.Shared.Abstractions\PackIT.Shared.Abstractions.csproj", "{30DAD381-4F21-44CD-84BB-B486B8A69978}"
EndProject
Project("{FAE04EC0-301F-11D3-BF4B-00C04F79EFBC}") = "PackIT.Domain", "src\PackIT.Domain\PackIT.Domain.csproj", "{C632622A-08E8-4014-BCEF-6855C2DB2C33}"
EndProject
Project("{FAE04EC0-301F-11D3-BF4B-00C04F79EFBC}") = "PackIT.Infrastructure", "src\PackIT.Infrastructure\PackIT.Infrastructure.csproj", "{FB37AFA0-0296-470E-A379-2E839429D7EA}"
EndProject
Project("{FAE04EC0-301F-11D3-BF4B-00C04F79EFBC}") = "PackIT.Application", "src\PackIT.Application\PackIT.Application.csproj", "{F3D79E51-CCD5-4677-B803-B8405CDFD9B4}"
EndProject
Project("{FAE04EC0-301F-11D3-BF4B-00C04F79EFBC}") = "PackIT.Api", "src\PackIT.Api\PackIT.Api.csproj", "{50C6DA93-5433-4AC2-8384-8C698B64F68C}"
EndProject
Project("{2150E333-8FDC-42A3-9474-1A3956D46DE8}") = "tests", "tests", "{C76843B5-F496-4837-8B4C-6D87E33FB9B8}"
EndProject
Project("{FAE04EC0-301F-11D3-BF4B-00C04F79EFBC}") = "PackIT.UnitTest", "tests\PackIT.UnitTest\PackIT.UnitTest.csproj", "{BD5EF199-B398-4717-89C2-3BB988178580}"
EndProject
Global
	GlobalSection(SolutionConfigurationPlatforms) = preSolution
		Debug|Any CPU = Debug|Any CPU
		Release|Any CPU = Release|Any CPU
	EndGlobalSection
	GlobalSection(NestedProjects) = preSolution
		{74B129C0-9B14-4B54-AB7B-6E766C16FB90} = {67482B49-FAB2-4EA4-BA4B-2BF6527CD676}
		{BBA14961-7E19-4413-95B0-EE585AB6F73A} = {74B129C0-9B14-4B54-AB7B-6E766C16FB90}
		{30DAD381-4F21-44CD-84BB-B486B8A69978} = {74B129C0-9B14-4B54-AB7B-6E766C16FB90}
		{C632622A-08E8-4014-BCEF-6855C2DB2C33} = {67482B49-FAB2-4EA4-BA4B-2BF6527CD676}
		{FB37AFA0-0296-470E-A379-2E839429D7EA} = {67482B49-FAB2-4EA4-BA4B-2BF6527CD676}
		{F3D79E51-CCD5-4677-B803-B8405CDFD9B4} = {67482B49-FAB2-4EA4-BA4B-2BF6527CD676}
		{50C6DA93-5433-4AC2-8384-8C698B64F68C} = {67482B49-FAB2-4EA4-BA4B-2BF6527CD676}
		{BD5EF199-B398-4717-89C2-3BB988178580} = {C76843B5-F496-4837-8B4C-6D87E33FB9B8}
	EndGlobalSection
	GlobalSection(ProjectConfigurationPlatforms) = postSolution
		{BBA14961-7E19-4413-95B0-EE585AB6F73A}.Debug|Any CPU.ActiveCfg = Debug|Any CPU
		{BBA14961-7E19-4413-95B0-EE585AB6F73A}.Debug|Any CPU.Build.0 = Debug|Any CPU
		{BBA14961-7E19-4413-95B0-EE585AB6F73A}.Release|Any CPU.ActiveCfg = Release|Any CPU
		{BBA14961-7E19-4413-95B0-EE585AB6F73A}.Release|Any CPU.Build.0 = Release|Any CPU
		{30DAD381-4F21-44CD-84BB-B486B8A69978}.Debug|Any CPU.ActiveCfg = Debug|Any CPU
		{30DAD381-4F21-44CD-84BB-B486B8A69978}.Debug|Any CPU.Build.0 = Debug|Any CPU
		{30DAD381-4F21-44CD-84BB-B486B8A69978}.Release|Any CPU.ActiveCfg = Release|Any CPU
		{30DAD381-4F21-44CD-84BB-B486B8A69978}.Release|Any CPU.Build.0 = Release|Any CPU
		{C632622A-08E8-4014-BCEF-6855C2DB2C33}.Debug|Any CPU.ActiveCfg = Debug|Any CPU
		{C632622A-08E8-4014-BCEF-6855C2DB2C33}.Debug|Any CPU.Build.0 = Debug|Any CPU
		{C632622A-08E8-4014-BCEF-6855C2DB2C33}.Release|Any CPU.ActiveCfg = Release|Any CPU
		{C632622A-08E8-4014-BCEF-6855C2DB2C33}.Release|Any CPU.Build.0 = Release|Any CPU
		{FB37AFA0-0296-470E-A379-2E839429D7EA}.Debug|Any CPU.ActiveCfg = Debug|Any CPU
		{FB37AFA0-0296-470E-A379-2E839429D7EA}.Debug|Any CPU.Build.0 = Debug|Any CPU
		{FB37AFA0-0296-470E-A379-2E839429D7EA}.Release|Any CPU.ActiveCfg = Release|Any CPU
		{FB37AFA0-0296-470E-A379-2E839429D7EA}.Release|Any CPU.Build.0 = Release|Any CPU
		{F3D79E51-CCD5-4677-B803-B8405CDFD9B4}.Debug|Any CPU.ActiveCfg = Debug|Any CPU
		{F3D79E51-CCD5-4677-B803-B8405CDFD9B4}.Debug|Any CPU.Build.0 = Debug|Any CPU
		{F3D79E51-CCD5-4677-B803-B8405CDFD9B4}.Release|Any CPU.ActiveCfg = Release|Any CPU
		{F3D79E51-CCD5-4677-B803-B8405CDFD9B4}.Release|Any CPU.Build.0 = Release|Any CPU
		{50C6DA93-5433-4AC2-8384-8C698B64F68C}.Debug|Any CPU.ActiveCfg = Debug|Any CPU
		{50C6DA93-5433-4AC2-8384-8C698B64F68C}.Debug|Any CPU.Build.0 = Debug|Any CPU
		{50C6DA93-5433-4AC2-8384-8C698B64F68C}.Release|Any CPU.ActiveCfg = Release|Any CPU
		{50C6DA93-5433-4AC2-8384-8C698B64F68C}.Release|Any CPU.Build.0 = Release|Any CPU
		{BD5EF199-B398-4717-89C2-3BB988178580}.Debug|Any CPU.ActiveCfg = Debug|Any CPU
		{BD5EF199-B398-4717-89C2-3BB988178580}.Debug|Any CPU.Build.0 = Debug|Any CPU
		{BD5EF199-B398-4717-89C2-3BB988178580}.Release|Any CPU.ActiveCfg = Release|Any CPU
		{BD5EF199-B398-4717-89C2-3BB988178580}.Release|Any CPU.Build.0 = Release|Any CPU
	EndGlobalSection
EndGlobal
